
Microsoft Visual Studio Solution File, Format Version 12.00
# Visual Studio 15
VisualStudioVersion = 15.0.28307.271
MinimumVisualStudioVersion = 10.0.40219.1
Project("{8BC9CEB8-8B4A-11D0-8D11-00A0C91BC942}") = "CustomStringMethods", "CustomStringMethods\CustomStringMethods.vcxproj", "{DA345447-5AED-4BE3-8FFD-73D8E54DF38E}"
EndProject
Global
	GlobalSection(SolutionConfigurationPlatforms) = preSolution
		Debug|x64 = Debug|x64
		Debug|x86 = Debug|x86
		Release|x64 = Release|x64
		Release|x86 = Release|x86
	EndGlobalSection
	GlobalSection(ProjectConfigurationPlatforms) = postSolution
		{DA345447-5AED-4BE3-8FFD-73D8E54DF38E}.Debug|x64.ActiveCfg = Debug|x64
		{DA345447-5AED-4BE3-8FFD-73D8E54DF38E}.Debug|x64.Build.0 = Debug|x64
		{DA345447-5AED-4BE3-8FFD-73D8E54DF38E}.Debug|x86.ActiveCfg = Debug|Win32
		{DA345447-5AED-4BE3-8FFD-73D8E54DF38E}.Debug|x86.Build.0 = Debug|Win32
		{DA345447-5AED-4BE3-8FFD-73D8E54DF38E}.Release|x64.ActiveCfg = Release|x64
		{DA345447-5AED-4BE3-8FFD-73D8E54DF38E}.Release|x64.Build.0 = Release|x64
		{DA345447-5AED-4BE3-8FFD-73D8E54DF38E}.Release|x86.ActiveCfg = Release|Win32
		{DA345447-5AED-4BE3-8FFD-73D8E54DF38E}.Release|x86.Build.0 = Release|Win32
	EndGlobalSection
	GlobalSection(SolutionProperties) = preSolution
		HideSolutionNode = FALSE
	EndGlobalSection
	GlobalSection(ExtensibilityGlobals) = postSolution
		SolutionGuid = {0BB7EF76-EBC6-40A8-9DAE-60BA073007EB}
	EndGlobalSection
EndGlobal
